// !$*UTF8*$!
{
	archiveVersion = 1;
	classes = {
	};
	objectVersion = 50;
	objects = {

/* Begin PBXBuildFile section */
		323C5D00241834B6009DEB55 /* main.cpp in Sources */ = {isa = PBXBuildFile; fileRef = 323C5CFF241834B6009DEB55 /* main.cpp */; };
		323C5D1524195A5B009DEB55 /* User.cpp in Sources */ = {isa = PBXBuildFile; fileRef = 323C5D1324195A5B009DEB55 /* User.cpp */; };
		323C5D1824195CD1009DEB55 /* Games.cpp in Sources */ = {isa = PBXBuildFile; fileRef = 323C5D1624195CD1009DEB55 /* Games.cpp */; };
/* End PBXBuildFile section */

/* Begin PBXCopyFilesBuildPhase section */
		323C5CFA241834B6009DEB55 /* CopyFiles */ = {
			isa = PBXCopyFilesBuildPhase;
			buildActionMask = 2147483647;
			dstPath = /usr/share/man/man1/;
			dstSubfolderSpec = 0;
			files = (
			);
			runOnlyForDeploymentPostprocessing = 1;
		};
/* End PBXCopyFilesBuildPhase section */

/* Begin PBXFileReference section */
		323C5CFC241834B6009DEB55 /* CourseWorkProgrammingTechnology */ = {isa = PBXFileReference; explicitFileType = "compiled.mach-o.executable"; includeInIndex = 0; path = CourseWorkProgrammingTechnology; sourceTree = BUILT_PRODUCTS_DIR; };
		323C5CFF241834B6009DEB55 /* main.cpp */ = {isa = PBXFileReference; lastKnownFileType = sourcecode.cpp.cpp; path = main.cpp; sourceTree = "<group>"; };
		323C5D0624183656009DEB55 /* Country.h */ = {isa = PBXFileReference; lastKnownFileType = sourcecode.c.h; path = Country.h; sourceTree = "<group>"; };
		323C5D0A24183750009DEB55 /* Sports.h */ = {isa = PBXFileReference; lastKnownFileType = sourcecode.c.h; path = Sports.h; sourceTree = "<group>"; };
		323C5D0C24183806009DEB55 /* Sportsman.hpp */ = {isa = PBXFileReference; lastKnownFileType = sourcecode.cpp.h; path = Sportsman.hpp; sourceTree = "<group>"; };
		323C5D11241958E0009DEB55 /* Observer.h */ = {isa = PBXFileReference; lastKnownFileType = sourcecode.c.h; path = Observer.h; sourceTree = "<group>"; };
		323C5D1224195921009DEB55 /* Subject.h */ = {isa = PBXFileReference; lastKnownFileType = sourcecode.c.h; path = Subject.h; sourceTree = "<group>"; };
		323C5D1324195A5B009DEB55 /* User.cpp */ = {isa = PBXFileReference; lastKnownFileType = sourcecode.cpp.cpp; path = User.cpp; sourceTree = "<group>"; };
		323C5D1424195A5B009DEB55 /* User.hpp */ = {isa = PBXFileReference; lastKnownFileType = sourcecode.cpp.h; path = User.hpp; sourceTree = "<group>"; };
		323C5D1624195CD1009DEB55 /* Games.cpp */ = {isa = PBXFileReference; lastKnownFileType = sourcecode.cpp.cpp; path = Games.cpp; sourceTree = "<group>"; };
		323C5D1724195CD1009DEB55 /* Games.hpp */ = {isa = PBXFileReference; lastKnownFileType = sourcecode.cpp.h; path = Games.hpp; sourceTree = "<group>"; };
		323C5D1C241A43A5009DEB55 /* Types.h */ = {isa = PBXFileReference; lastKnownFileType = sourcecode.c.h; path = Types.h; sourceTree = "<group>"; };
/* End PBXFileReference section */

/* Begin PBXFrameworksBuildPhase section */
		323C5CF9241834B6009DEB55 /* Frameworks */ = {
			isa = PBXFrameworksBuildPhase;
			buildActionMask = 2147483647;
			files = (
			);
			runOnlyForDeploymentPostprocessing = 0;
		};
/* End PBXFrameworksBuildPhase section */

/* Begin PBXGroup section */
		323C5CF3241834B6009DEB55 = {
			isa = PBXGroup;
			children = (
				323C5CFE241834B6009DEB55 /* CourseWorkProgrammingTechnology */,
				323C5CFD241834B6009DEB55 /* Products */,
			);
			sourceTree = "<group>";
		};
		323C5CFD241834B6009DEB55 /* Products */ = {
			isa = PBXGroup;
			children = (
				323C5CFC241834B6009DEB55 /* CourseWorkProgrammingTechnology */,
			);
			name = Products;
			sourceTree = "<group>";
		};
		323C5CFE241834B6009DEB55 /* CourseWorkProgrammingTechnology */ = {
			isa = PBXGroup;
			children = (
				323C5D1B24195E69009DEB55 /* Types */,
				323C5D1A24195E48009DEB55 /* Observer */,
				323C5D1924195E2F009DEB55 /* Subject */,
				323C5CFF241834B6009DEB55 /* main.cpp */,
			);
			path = CourseWorkProgrammingTechnology;
			sourceTree = "<group>";
		};
		323C5D1924195E2F009DEB55 /* Subject */ = {
			isa = PBXGroup;
			children = (
				323C5D1624195CD1009DEB55 /* Games.cpp */,
				323C5D1724195CD1009DEB55 /* Games.hpp */,
				323C5D1224195921009DEB55 /* Subject.h */,
			);
			name = Subject;
			sourceTree = "<group>";
		};
		323C5D1A24195E48009DEB55 /* Observer */ = {
			isa = PBXGroup;
			children = (
				323C5D1324195A5B009DEB55 /* User.cpp */,
				323C5D1424195A5B009DEB55 /* User.hpp */,
				323C5D11241958E0009DEB55 /* Observer.h */,
			);
			name = Observer;
			sourceTree = "<group>";
		};
		323C5D1B24195E69009DEB55 /* Types */ = {
			isa = PBXGroup;
			children = (
				323C5D0624183656009DEB55 /* Country.h */,
				323C5D0A24183750009DEB55 /* Sports.h */,
				323C5D0C24183806009DEB55 /* Sportsman.hpp */,
				323C5D1C241A43A5009DEB55 /* Types.h */,
			);
			name = Types;
			sourceTree = "<group>";
		};
/* End PBXGroup section */

/* Begin PBXNativeTarget section */
		323C5CFB241834B6009DEB55 /* CourseWorkProgrammingTechnology */ = {
			isa = PBXNativeTarget;
			buildConfigurationList = 323C5D03241834B6009DEB55 /* Build configuration list for PBXNativeTarget "CourseWorkProgrammingTechnology" */;
			buildPhases = (
				323C5CF8241834B6009DEB55 /* Sources */,
				323C5CF9241834B6009DEB55 /* Frameworks */,
				323C5CFA241834B6009DEB55 /* CopyFiles */,
			);
			buildRules = (
			);
			dependencies = (
			);
			name = CourseWorkProgrammingTechnology;
			productName = CourseWorkProgrammingTechnology;
			productReference = 323C5CFC241834B6009DEB55 /* CourseWorkProgrammingTechnology */;
			productType = "com.apple.product-type.tool";
		};
/* End PBXNativeTarget section */

/* Begin PBXProject section */
		323C5CF4241834B6009DEB55 /* Project object */ = {
			isa = PBXProject;
			attributes = {
				LastUpgradeCheck = 1130;
				ORGANIZATIONNAME = "Hooba-booba";
				TargetAttributes = {
					323C5CFB241834B6009DEB55 = {
						CreatedOnToolsVersion = 11.3.1;
					};
				};
			};
			buildConfigurationList = 323C5CF7241834B6009DEB55 /* Build configuration list for PBXProject "CourseWorkProgrammingTechnology" */;
			compatibilityVersion = "Xcode 9.3";
			developmentRegion = en;
			hasScannedForEncodings = 0;
			knownRegions = (
				en,
				Base,
			);
			mainGroup = 323C5CF3241834B6009DEB55;
			productRefGroup = 323C5CFD241834B6009DEB55 /* Products */;
			projectDirPath = "";
			projectRoot = "";
			targets = (
				323C5CFB241834B6009DEB55 /* CourseWorkProgrammingTechnology */,
			);
		};
/* End PBXProject section */

/* Begin PBXSourcesBuildPhase section */
		323C5CF8241834B6009DEB55 /* Sources */ = {
			isa = PBXSourcesBuildPhase;
			buildActionMask = 2147483647;
			files = (
				323C5D1524195A5B009DEB55 /* User.cpp in Sources */,
				323C5D00241834B6009DEB55 /* main.cpp in Sources */,
				323C5D1824195CD1009DEB55 /* Games.cpp in Sources */,
			);
			runOnlyForDeploymentPostprocessing = 0;
		};
/* End PBXSourcesBuildPhase section */

/* Begin XCBuildConfiguration section */
		323C5D01241834B6009DEB55 /* Debug */ = {
			isa = XCBuildConfiguration;
			buildSettings = {
				ALWAYS_SEARCH_USER_PATHS = NO;
				CLANG_ANALYZER_NONNULL = YES;
				CLANG_ANALYZER_NUMBER_OBJECT_CONVERSION = YES_AGGRESSIVE;
				CLANG_CXX_LANGUAGE_STANDARD = "gnu++14";
				CLANG_CXX_LIBRARY = "libc++";
				CLANG_ENABLE_MODULES = YES;
				CLANG_ENABLE_OBJC_ARC = YES;
				CLANG_ENABLE_OBJC_WEAK = YES;
				CLANG_WARN_BLOCK_CAPTURE_AUTORELEASING = YES;
				CLANG_WARN_BOOL_CONVERSION = YES;
				CLANG_WARN_COMMA = YES;
				CLANG_WARN_CONSTANT_CONVERSION = YES;
				CLANG_WARN_DEPRECATED_OBJC_IMPLEMENTATIONS = YES;
				CLANG_WARN_DIRECT_OBJC_ISA_USAGE = YES_ERROR;
				CLANG_WARN_DOCUMENTATION_COMMENTS = YES;
				CLANG_WARN_EMPTY_BODY = YES;
				CLANG_WARN_ENUM_CONVERSION = YES;
				CLANG_WARN_INFINITE_RECURSION = YES;
				CLANG_WARN_INT_CONVERSION = YES;
				CLANG_WARN_NON_LITERAL_NULL_CONVERSION = YES;
				CLANG_WARN_OBJC_IMPLICIT_RETAIN_SELF = YES;
				CLANG_WARN_OBJC_LITERAL_CONVERSION = YES;
				CLANG_WARN_OBJC_ROOT_CLASS = YES_ERROR;
				CLANG_WARN_RANGE_LOOP_ANALYSIS = YES;
				CLANG_WARN_STRICT_PROTOTYPES = YES;
				CLANG_WARN_SUSPICIOUS_MOVE = YES;
				CLANG_WARN_UNGUARDED_AVAILABILITY = YES_AGGRESSIVE;
				CLANG_WARN_UNREACHABLE_CODE = YES;
				CLANG_WARN__DUPLICATE_METHOD_MATCH = YES;
				COPY_PHASE_STRIP = NO;
				DEBUG_INFORMATION_FORMAT = dwarf;
				ENABLE_STRICT_OBJC_MSGSEND = YES;
				ENABLE_TESTABILITY = YES;
				GCC_C_LANGUAGE_STANDARD = gnu11;
				GCC_DYNAMIC_NO_PIC = NO;
				GCC_NO_COMMON_BLOCKS = YES;
				GCC_OPTIMIZATION_LEVEL = 0;
				GCC_PREPROCESSOR_DEFINITIONS = (
					"DEBUG=1",
					"$(inherited)",
				);
				GCC_WARN_64_TO_32_BIT_CONVERSION = YES;
				GCC_WARN_ABOUT_RETURN_TYPE = YES_ERROR;
				GCC_WARN_UNDECLARED_SELECTOR = YES;
				GCC_WARN_UNINITIALIZED_AUTOS = YES_AGGRESSIVE;
				GCC_WARN_UNUSED_FUNCTION = YES;
				GCC_WARN_UNUSED_VARIABLE = YES;
				MACOSX_DEPLOYMENT_TARGET = 10.15;
				MTL_ENABLE_DEBUG_INFO = INCLUDE_SOURCE;
				MTL_FAST_MATH = YES;
				ONLY_ACTIVE_ARCH = YES;
				SDKROOT = macosx;
			};
			name = Debug;
		};
		323C5D02241834B6009DEB55 /* Release */ = {
			isa = XCBuildConfiguration;
			buildSettings = {
				ALWAYS_SEARCH_USER_PATHS = NO;
				CLANG_ANALYZER_NONNULL = YES;
				CLANG_ANALYZER_NUMBER_OBJECT_CONVERSION = YES_AGGRESSIVE;
				CLANG_CXX_LANGUAGE_STANDARD = "gnu++14";
				CLANG_CXX_LIBRARY = "libc++";
				CLANG_ENABLE_MODULES = YES;
				CLANG_ENABLE_OBJC_ARC = YES;
				CLANG_ENABLE_OBJC_WEAK = YES;
				CLANG_WARN_BLOCK_CAPTURE_AUTORELEASING = YES;
				CLANG_WARN_BOOL_CONVERSION = YES;
				CLANG_WARN_COMMA = YES;
				CLANG_WARN_CONSTANT_CONVERSION = YES;
				CLANG_WARN_DEPRECATED_OBJC_IMPLEMENTATIONS = YES;
				CLANG_WARN_DIRECT_OBJC_ISA_USAGE = YES_ERROR;
				CLANG_WARN_DOCUMENTATION_COMMENTS = YES;
				CLANG_WARN_EMPTY_BODY = YES;
				CLANG_WARN_ENUM_CONVERSION = YES;
				CLANG_WARN_INFINITE_RECURSION = YES;
				CLANG_WARN_INT_CONVERSION = YES;
				CLANG_WARN_NON_LITERAL_NULL_CONVERSION = YES;
				CLANG_WARN_OBJC_IMPLICIT_RETAIN_SELF = YES;
				CLANG_WARN_OBJC_LITERAL_CONVERSION = YES;
				CLANG_WARN_OBJC_ROOT_CLASS = YES_ERROR;
				CLANG_WARN_RANGE_LOOP_ANALYSIS = YES;
				CLANG_WARN_STRICT_PROTOTYPES = YES;
				CLANG_WARN_SUSPICIOUS_MOVE = YES;
				CLANG_WARN_UNGUARDED_AVAILABILITY = YES_AGGRESSIVE;
				CLANG_WARN_UNREACHABLE_CODE = YES;
				CLANG_WARN__DUPLICATE_METHOD_MATCH = YES;
				COPY_PHASE_STRIP = NO;
				DEBUG_INFORMATION_FORMAT = "dwarf-with-dsym";
				ENABLE_NS_ASSERTIONS = NO;
				ENABLE_STRICT_OBJC_MSGSEND = YES;
				GCC_C_LANGUAGE_STANDARD = gnu11;
				GCC_NO_COMMON_BLOCKS = YES;
				GCC_WARN_64_TO_32_BIT_CONVERSION = YES;
				GCC_WARN_ABOUT_RETURN_TYPE = YES_ERROR;
				GCC_WARN_UNDECLARED_SELECTOR = YES;
				GCC_WARN_UNINITIALIZED_AUTOS = YES_AGGRESSIVE;
				GCC_WARN_UNUSED_FUNCTION = YES;
				GCC_WARN_UNUSED_VARIABLE = YES;
				MACOSX_DEPLOYMENT_TARGET = 10.15;
				MTL_ENABLE_DEBUG_INFO = NO;
				MTL_FAST_MATH = YES;
				SDKROOT = macosx;
			};
			name = Release;
		};
		323C5D04241834B6009DEB55 /* Debug */ = {
			isa = XCBuildConfiguration;
			buildSettings = {
				CODE_SIGN_STYLE = Automatic;
				PRODUCT_NAME = "$(TARGET_NAME)";
			};
			name = Debug;
		};
		323C5D05241834B6009DEB55 /* Release */ = {
			isa = XCBuildConfiguration;
			buildSettings = {
				CODE_SIGN_STYLE = Automatic;
				PRODUCT_NAME = "$(TARGET_NAME)";
			};
			name = Release;
		};
/* End XCBuildConfiguration section */

/* Begin XCConfigurationList section */
		323C5CF7241834B6009DEB55 /* Build configuration list for PBXProject "CourseWorkProgrammingTechnology" */ = {
			isa = XCConfigurationList;
			buildConfigurations = (
				323C5D01241834B6009DEB55 /* Debug */,
				323C5D02241834B6009DEB55 /* Release */,
			);
			defaultConfigurationIsVisible = 0;
			defaultConfigurationName = Release;
		};
		323C5D03241834B6009DEB55 /* Build configuration list for PBXNativeTarget "CourseWorkProgrammingTechnology" */ = {
			isa = XCConfigurationList;
			buildConfigurations = (
				323C5D04241834B6009DEB55 /* Debug */,
				323C5D05241834B6009DEB55 /* Release */,
			);
			defaultConfigurationIsVisible = 0;
			defaultConfigurationName = Release;
		};
/* End XCConfigurationList section */
	};
	rootObject = 323C5CF4241834B6009DEB55 /* Project object */;
}
